
Microsoft Visual Studio Solution File, Format Version 12.00
# Visual Studio Version 16
VisualStudioVersion = 16.0.31702.278
MinimumVisualStudioVersion = 10.0.40219.1
Project("{9A19103F-16F7-4668-BE54-9A1E7A4F7556}") = "Lesson8-HandsOn", "Lesson8-HandsOn.csproj", "{8F09982B-6DD1-41EA-9EBD-FC3458B65262}"
EndProject
Global
	GlobalSection(SolutionConfigurationPlatforms) = preSolution
		Debug|Any CPU = Debug|Any CPU
		Release|Any CPU = Release|Any CPU
	EndGlobalSection
	GlobalSection(ProjectConfigurationPlatforms) = postSolution
		{8F09982B-6DD1-41EA-9EBD-FC3458B65262}.Debug|Any CPU.ActiveCfg = Debug|Any CPU
		{8F09982B-6DD1-41EA-9EBD-FC3458B65262}.Debug|Any CPU.Build.0 = Debug|Any CPU
		{8F09982B-6DD1-41EA-9EBD-FC3458B65262}.Release|Any CPU.ActiveCfg = Release|Any CPU
		{8F09982B-6DD1-41EA-9EBD-FC3458B65262}.Release|Any CPU.Build.0 = Release|Any CPU
	EndGlobalSection
	GlobalSection(SolutionProperties) = preSolution
		HideSolutionNode = FALSE
	EndGlobalSection
	GlobalSection(ExtensibilityGlobals) = postSolution
		SolutionGuid = {A4002208-DBC9-43F3-A7F6-7C1618342CAB}
	EndGlobalSection
EndGlobal
