
Microsoft Visual Studio Solution File, Format Version 12.00
# Visual Studio Version 16
VisualStudioVersion = 16.0.31702.278
MinimumVisualStudioVersion = 10.0.40219.1
Project("{9A19103F-16F7-4668-BE54-9A1E7A4F7556}") = "Lesson9-HandsOn", "Lesson9-HandsOn.csproj", "{26221246-7603-4019-BC10-0DA15C2563B6}"
EndProject
Global
	GlobalSection(SolutionConfigurationPlatforms) = preSolution
		Debug|Any CPU = Debug|Any CPU
		Release|Any CPU = Release|Any CPU
	EndGlobalSection
	GlobalSection(ProjectConfigurationPlatforms) = postSolution
		{26221246-7603-4019-BC10-0DA15C2563B6}.Debug|Any CPU.ActiveCfg = Debug|Any CPU
		{26221246-7603-4019-BC10-0DA15C2563B6}.Debug|Any CPU.Build.0 = Debug|Any CPU
		{26221246-7603-4019-BC10-0DA15C2563B6}.Release|Any CPU.ActiveCfg = Release|Any CPU
		{26221246-7603-4019-BC10-0DA15C2563B6}.Release|Any CPU.Build.0 = Release|Any CPU
	EndGlobalSection
	GlobalSection(SolutionProperties) = preSolution
		HideSolutionNode = FALSE
	EndGlobalSection
	GlobalSection(ExtensibilityGlobals) = postSolution
		SolutionGuid = {C0BFC04B-AD28-4304-8CB2-8091D51EC4E6}
	EndGlobalSection
EndGlobal
